{
  "name": "vnjson",
  "version": "0.7.1",
  "lockfileVersion": 1,
  "requires": true,
  "dependencies": {
    "append-field": {
      "version": "1.0.0",
      "resolved": "https://registry.npmjs.org/append-field/-/append-field-1.0.0.tgz",
      "integrity": "sha1-HjRA6RXwsSA9I3SOeO3XubW0PlY="
    }
  }
}
